// !$*UTF8*$!
{
	archiveVersion = 1;
	classes = {
	};
	objectVersion = 46;
	objects = {

/* Begin PBXBuildFile section */
		5E7D99D51B0B380E00D8247C /* main.m in Sources */ = {isa = PBXBuildFile; fileRef = 5E7D99D41B0B380E00D8247C /* main.m */; };
		5E7D99D81B0B380E00D8247C /* AppDelegate.m in Sources */ = {isa = PBXBuildFile; fileRef = 5E7D99D71B0B380E00D8247C /* AppDelegate.m */; };
		5E7D99DB1B0B380E00D8247C /* ViewController.m in Sources */ = {isa = PBXBuildFile; fileRef = 5E7D99DA1B0B380E00D8247C /* ViewController.m */; };
		5E7D99DE1B0B380E00D8247C /* Main.storyboard in Resources */ = {isa = PBXBuildFile; fileRef = 5E7D99DC1B0B380E00D8247C /* Main.storyboard */; };
		5E7D99E01B0B380E00D8247C /* Images.xcassets in Resources */ = {isa = PBXBuildFile; fileRef = 5E7D99DF1B0B380E00D8247C /* Images.xcassets */; };
		5E7D99E31B0B380E00D8247C /* LaunchScreen.xib in Resources */ = {isa = PBXBuildFile; fileRef = 5E7D99E11B0B380E00D8247C /* LaunchScreen.xib */; };
		5E7D99EF1B0B380E00D8247C /* AutolayoutWithScrollViewTests.m in Sources */ = {isa = PBXBuildFile; fileRef = 5E7D99EE1B0B380E00D8247C /* AutolayoutWithScrollViewTests.m */; };
/* End PBXBuildFile section */

/* Begin PBXContainerItemProxy section */
		5E7D99E91B0B380E00D8247C /* PBXContainerItemProxy */ = {
			isa = PBXContainerItemProxy;
			containerPortal = 5E7D99C71B0B380D00D8247C /* Project object */;
			proxyType = 1;
			remoteGlobalIDString = 5E7D99CE1B0B380E00D8247C;
			remoteInfo = AutolayoutWithScrollView;
		};
/* End PBXContainerItemProxy section */

/* Begin PBXFileReference section */
		5E7D99CF1B0B380E00D8247C /* AutolayoutWithScrollView.app */ = {isa = PBXFileReference; explicitFileType = wrapper.application; includeInIndex = 0; path = AutolayoutWithScrollView.app; sourceTree = BUILT_PRODUCTS_DIR; };
		5E7D99D31B0B380E00D8247C /* Info.plist */ = {isa = PBXFileReference; lastKnownFileType = text.plist.xml; path = Info.plist; sourceTree = "<group>"; };
		5E7D99D41B0B380E00D8247C /* main.m */ = {isa = PBXFileReference; lastKnownFileType = sourcecode.c.objc; path = main.m; sourceTree = "<group>"; };
		5E7D99D61B0B380E00D8247C /* AppDelegate.h */ = {isa = PBXFileReference; lastKnownFileType = sourcecode.c.h; path = AppDelegate.h; sourceTree = "<group>"; };
		5E7D99D71B0B380E00D8247C /* AppDelegate.m */ = {isa = PBXFileReference; lastKnownFileType = sourcecode.c.objc; path = AppDelegate.m; sourceTree = "<group>"; };
		5E7D99D91B0B380E00D8247C /* ViewController.h */ = {isa = PBXFileReference; lastKnownFileType = sourcecode.c.h; path = ViewController.h; sourceTree = "<group>"; };
		5E7D99DA1B0B380E00D8247C /* ViewController.m */ = {isa = PBXFileReference; lastKnownFileType = sourcecode.c.objc; path = ViewController.m; sourceTree = "<group>"; };
		5E7D99DD1B0B380E00D8247C /* Base */ = {isa = PBXFileReference; lastKnownFileType = file.storyboard; name = Base; path = Base.lproj/Main.storyboard; sourceTree = "<group>"; };
		5E7D99DF1B0B380E00D8247C /* Images.xcassets */ = {isa = PBXFileReference; lastKnownFileType = folder.assetcatalog; path = Images.xcassets; sourceTree = "<group>"; };
		5E7D99E21B0B380E00D8247C /* Base */ = {isa = PBXFileReference; lastKnownFileType = file.xib; name = Base; path = Base.lproj/LaunchScreen.xib; sourceTree = "<group>"; };
		5E7D99E81B0B380E00D8247C /* AutolayoutWithScrollViewTests.xctest */ = {isa = PBXFileReference; explicitFileType = wrapper.cfbundle; includeInIndex = 0; path = AutolayoutWithScrollViewTests.xctest; sourceTree = BUILT_PRODUCTS_DIR; };
		5E7D99ED1B0B380E00D8247C /* Info.plist */ = {isa = PBXFileReference; lastKnownFileType = text.plist.xml; path = Info.plist; sourceTree = "<group>"; };
		5E7D99EE1B0B380E00D8247C /* AutolayoutWithScrollViewTests.m */ = {isa = PBXFileReference; lastKnownFileType = sourcecode.c.objc; path = AutolayoutWithScrollViewTests.m; sourceTree = "<group>"; };
/* End PBXFileReference section */

/* Begin PBXFrameworksBuildPhase section */
		5E7D99CC1B0B380E00D8247C /* Frameworks */ = {
			isa = PBXFrameworksBuildPhase;
			buildActionMask = 2147483647;
			files = (
			);
			runOnlyForDeploymentPostprocessing = 0;
		};
		5E7D99E51B0B380E00D8247C /* Frameworks */ = {
			isa = PBXFrameworksBuildPhase;
			buildActionMask = 2147483647;
			files = (
			);
			runOnlyForDeploymentPostprocessing = 0;
		};
/* End PBXFrameworksBuildPhase section */

/* Begin PBXGroup section */
		5E7D99C61B0B380D00D8247C = {
			isa = PBXGroup;
			children = (
				5E7D99D11B0B380E00D8247C /* AutolayoutWithScrollView */,
				5E7D99EB1B0B380E00D8247C /* AutolayoutWithScrollViewTests */,
				5E7D99D01B0B380E00D8247C /* Products */,
			);
			sourceTree = "<group>";
		};
		5E7D99D01B0B380E00D8247C /* Products */ = {
			isa = PBXGroup;
			children = (
				5E7D99CF1B0B380E00D8247C /* AutolayoutWithScrollView.app */,
				5E7D99E81B0B380E00D8247C /* AutolayoutWithScrollViewTests.xctest */,
			);
			name = Products;
			sourceTree = "<group>";
		};
		5E7D99D11B0B380E00D8247C /* AutolayoutWithScrollView */ = {
			isa = PBXGroup;
			children = (
				5E7D99D61B0B380E00D8247C /* AppDelegate.h */,
				5E7D99D71B0B380E00D8247C /* AppDelegate.m */,
				5E7D99D91B0B380E00D8247C /* ViewController.h */,
				5E7D99DA1B0B380E00D8247C /* ViewController.m */,
				5E7D99DC1B0B380E00D8247C /* Main.storyboard */,
				5E7D99DF1B0B380E00D8247C /* Images.xcassets */,
				5E7D99E11B0B380E00D8247C /* LaunchScreen.xib */,
				5E7D99D21B0B380E00D8247C /* Supporting Files */,
			);
			path = AutolayoutWithScrollView;
			sourceTree = "<group>";
		};
		5E7D99D21B0B380E00D8247C /* Supporting Files */ = {
			isa = PBXGroup;
			children = (
				5E7D99D31B0B380E00D8247C /* Info.plist */,
				5E7D99D41B0B380E00D8247C /* main.m */,
			);
			name = "Supporting Files";
			sourceTree = "<group>";
		};
		5E7D99EB1B0B380E00D8247C /* AutolayoutWithScrollViewTests */ = {
			isa = PBXGroup;
			children = (
				5E7D99EE1B0B380E00D8247C /* AutolayoutWithScrollViewTests.m */,
				5E7D99EC1B0B380E00D8247C /* Supporting Files */,
			);
			path = AutolayoutWithScrollViewTests;
			sourceTree = "<group>";
		};
		5E7D99EC1B0B380E00D8247C /* Supporting Files */ = {
			isa = PBXGroup;
			children = (
				5E7D99ED1B0B380E00D8247C /* Info.plist */,
			);
			name = "Supporting Files";
			sourceTree = "<group>";
		};
/* End PBXGroup section */

/* Begin PBXNativeTarget section */
		5E7D99CE1B0B380E00D8247C /* AutolayoutWithScrollView */ = {
			isa = PBXNativeTarget;
			buildConfigurationList = 5E7D99F21B0B380E00D8247C /* Build configuration list for PBXNativeTarget "AutolayoutWithScrollView" */;
			buildPhases = (
				5E7D99CB1B0B380E00D8247C /* Sources */,
				5E7D99CC1B0B380E00D8247C /* Frameworks */,
				5E7D99CD1B0B380E00D8247C /* Resources */,
			);
			buildRules = (
			);
			dependencies = (
			);
			name = AutolayoutWithScrollView;
			productName = AutolayoutWithScrollView;
			productReference = 5E7D99CF1B0B380E00D8247C /* AutolayoutWithScrollView.app */;
			productType = "com.apple.product-type.application";
		};
		5E7D99E71B0B380E00D8247C /* AutolayoutWithScrollViewTests */ = {
			isa = PBXNativeTarget;
			buildConfigurationList = 5E7D99F51B0B380E00D8247C /* Build configuration list for PBXNativeTarget "AutolayoutWithScrollViewTests" */;
			buildPhases = (
				5E7D99E41B0B380E00D8247C /* Sources */,
				5E7D99E51B0B380E00D8247C /* Frameworks */,
				5E7D99E61B0B380E00D8247C /* Resources */,
			);
			buildRules = (
			);
			dependencies = (
				5E7D99EA1B0B380E00D8247C /* PBXTargetDependency */,
			);
			name = AutolayoutWithScrollViewTests;
			productName = AutolayoutWithScrollViewTests;
			productReference = 5E7D99E81B0B380E00D8247C /* AutolayoutWithScrollViewTests.xctest */;
			productType = "com.apple.product-type.bundle.unit-test";
		};
/* End PBXNativeTarget section */

/* Begin PBXProject section */
		5E7D99C71B0B380D00D8247C /* Project object */ = {
			isa = PBXProject;
			attributes = {
				LastUpgradeCheck = 0610;
				ORGANIZATIONNAME = yamon;
				TargetAttributes = {
					5E7D99CE1B0B380E00D8247C = {
						CreatedOnToolsVersion = 6.1.1;
					};
					5E7D99E71B0B380E00D8247C = {
						CreatedOnToolsVersion = 6.1.1;
						TestTargetID = 5E7D99CE1B0B380E00D8247C;
					};
				};
			};
			buildConfigurationList = 5E7D99CA1B0B380D00D8247C /* Build configuration list for PBXProject "AutolayoutWithScrollView" */;
			compatibilityVersion = "Xcode 3.2";
			developmentRegion = English;
			hasScannedForEncodings = 0;
			knownRegions = (
				en,
				Base,
			);
			mainGroup = 5E7D99C61B0B380D00D8247C;
			productRefGroup = 5E7D99D01B0B380E00D8247C /* Products */;
			projectDirPath = "";
			projectRoot = "";
			targets = (
				5E7D99CE1B0B380E00D8247C /* AutolayoutWithScrollView */,
				5E7D99E71B0B380E00D8247C /* AutolayoutWithScrollViewTests */,
			);
		};
/* End PBXProject section */

/* Begin PBXResourcesBuildPhase section */
		5E7D99CD1B0B380E00D8247C /* Resources */ = {
			isa = PBXResourcesBuildPhase;
			buildActionMask = 2147483647;
			files = (
				5E7D99DE1B0B380E00D8247C /* Main.storyboard in Resources */,
				5E7D99E31B0B380E00D8247C /* LaunchScreen.xib in Resources */,
				5E7D99E01B0B380E00D8247C /* Images.xcassets in Resources */,
			);
			runOnlyForDeploymentPostprocessing = 0;
		};
		5E7D99E61B0B380E00D8247C /* Resources */ = {
			isa = PBXResourcesBuildPhase;
			buildActionMask = 2147483647;
			files = (
			);
			runOnlyForDeploymentPostprocessing = 0;
		};
/* End PBXResourcesBuildPhase section */

/* Begin PBXSourcesBuildPhase section */
		5E7D99CB1B0B380E00D8247C /* Sources */ = {
			isa = PBXSourcesBuildPhase;
			buildActionMask = 2147483647;
			files = (
				5E7D99DB1B0B380E00D8247C /* ViewController.m in Sources */,
				5E7D99D81B0B380E00D8247C /* AppDelegate.m in Sources */,
				5E7D99D51B0B380E00D8247C /* main.m in Sources */,
			);
			runOnlyForDeploymentPostprocessing = 0;
		};
		5E7D99E41B0B380E00D8247C /* Sources */ = {
			isa = PBXSourcesBuildPhase;
			buildActionMask = 2147483647;
			files = (
				5E7D99EF1B0B380E00D8247C /* AutolayoutWithScrollViewTests.m in Sources */,
			);
			runOnlyForDeploymentPostprocessing = 0;
		};
/* End PBXSourcesBuildPhase section */

/* Begin PBXTargetDependency section */
		5E7D99EA1B0B380E00D8247C /* PBXTargetDependency */ = {
			isa = PBXTargetDependency;
			target = 5E7D99CE1B0B380E00D8247C /* AutolayoutWithScrollView */;
			targetProxy = 5E7D99E91B0B380E00D8247C /* PBXContainerItemProxy */;
		};
/* End PBXTargetDependency section */

/* Begin PBXVariantGroup section */
		5E7D99DC1B0B380E00D8247C /* Main.storyboard */ = {
			isa = PBXVariantGroup;
			children = (
				5E7D99DD1B0B380E00D8247C /* Base */,
			);
			name = Main.storyboard;
			sourceTree = "<group>";
		};
		5E7D99E11B0B380E00D8247C /* LaunchScreen.xib */ = {
			isa = PBXVariantGroup;
			children = (
				5E7D99E21B0B380E00D8247C /* Base */,
			);
			name = LaunchScreen.xib;
			sourceTree = "<group>";
		};
/* End PBXVariantGroup section */

/* Begin XCBuildConfiguration section */
		5E7D99F01B0B380E00D8247C /* Debug */ = {
			isa = XCBuildConfiguration;
			buildSettings = {
				ALWAYS_SEARCH_USER_PATHS = NO;
				CLANG_CXX_LANGUAGE_STANDARD = "gnu++0x";
				CLANG_CXX_LIBRARY = "libc++";
				CLANG_ENABLE_MODULES = YES;
				CLANG_ENABLE_OBJC_ARC = YES;
				CLANG_WARN_BOOL_CONVERSION = YES;
				CLANG_WARN_CONSTANT_CONVERSION = YES;
				CLANG_WARN_DIRECT_OBJC_ISA_USAGE = YES_ERROR;
				CLANG_WARN_EMPTY_BODY = YES;
				CLANG_WARN_ENUM_CONVERSION = YES;
				CLANG_WARN_INT_CONVERSION = YES;
				CLANG_WARN_OBJC_ROOT_CLASS = YES_ERROR;
				CLANG_WARN_UNREACHABLE_CODE = YES;
				CLANG_WARN__DUPLICATE_METHOD_MATCH = YES;
				"CODE_SIGN_IDENTITY[sdk=iphoneos*]" = "iPhone Developer";
				COPY_PHASE_STRIP = NO;
				ENABLE_STRICT_OBJC_MSGSEND = YES;
				GCC_C_LANGUAGE_STANDARD = gnu99;
				GCC_DYNAMIC_NO_PIC = NO;
				GCC_OPTIMIZATION_LEVEL = 0;
				GCC_PREPROCESSOR_DEFINITIONS = (
					"DEBUG=1",
					"$(inherited)",
				);
				GCC_SYMBOLS_PRIVATE_EXTERN = NO;
				GCC_WARN_64_TO_32_BIT_CONVERSION = YES;
				GCC_WARN_ABOUT_RETURN_TYPE = YES_ERROR;
				GCC_WARN_UNDECLARED_SELECTOR = YES;
				GCC_WARN_UNINITIALIZED_AUTOS = YES_AGGRESSIVE;
				GCC_WARN_UNUSED_FUNCTION = YES;
				GCC_WARN_UNUSED_VARIABLE = YES;
				IPHONEOS_DEPLOYMENT_TARGET = 8.1;
				MTL_ENABLE_DEBUG_INFO = YES;
				ONLY_ACTIVE_ARCH = YES;
				SDKROOT = iphoneos;
			};
			name = Debug;
		};
		5E7D99F11B0B380E00D8247C /* Release */ = {
			isa = XCBuildConfiguration;
			buildSettings = {
				ALWAYS_SEARCH_USER_PATHS = NO;
				CLANG_CXX_LANGUAGE_STANDARD = "gnu++0x";
				CLANG_CXX_LIBRARY = "libc++";
				CLANG_ENABLE_MODULES = YES;
				CLANG_ENABLE_OBJC_ARC = YES;
				CLANG_WARN_BOOL_CONVERSION = YES;
				CLANG_WARN_CONSTANT_CONVERSION = YES;
				CLANG_WARN_DIRECT_OBJC_ISA_USAGE = YES_ERROR;
				CLANG_WARN_EMPTY_BODY = YES;
				CLANG_WARN_ENUM_CONVERSION = YES;
				CLANG_WARN_INT_CONVERSION = YES;
				CLANG_WARN_OBJC_ROOT_CLASS = YES_ERROR;
				CLANG_WARN_UNREACHABLE_CODE = YES;
				CLANG_WARN__DUPLICATE_METHOD_MATCH = YES;
				"CODE_SIGN_IDENTITY[sdk=iphoneos*]" = "iPhone Developer";
				COPY_PHASE_STRIP = YES;
				ENABLE_NS_ASSERTIONS = NO;
				ENABLE_STRICT_OBJC_MSGSEND = YES;
				GCC_C_LANGUAGE_STANDARD = gnu99;
				GCC_WARN_64_TO_32_BIT_CONVERSION = YES;
				GCC_WARN_ABOUT_RETURN_TYPE = YES_ERROR;
				GCC_WARN_UNDECLARED_SELECTOR = YES;
				GCC_WARN_UNINITIALIZED_AUTOS = YES_AGGRESSIVE;
				GCC_WARN_UNUSED_FUNCTION = YES;
				GCC_WARN_UNUSED_VARIABLE = YES;
				IPHONEOS_DEPLOYMENT_TARGET = 8.1;
				MTL_ENABLE_DEBUG_INFO = NO;
				SDKROOT = iphoneos;
				VALIDATE_PRODUCT = YES;
			};
			name = Release;
		};
		5E7D99F31B0B380E00D8247C /* Debug */ = {
			isa = XCBuildConfiguration;
			buildSettings = {
				ASSETCATALOG_COMPILER_APPICON_NAME = AppIcon;
				INFOPLIST_FILE = AutolayoutWithScrollView/Info.plist;
				LD_RUNPATH_SEARCH_PATHS = "$(inherited) @executable_path/Frameworks";
				PRODUCT_NAME = "$(TARGET_NAME)";
			};
			name = Debug;
		};
		5E7D99F41B0B380E00D8247C /* Release */ = {
			isa = XCBuildConfiguration;
			buildSettings = {
				ASSETCATALOG_COMPILER_APPICON_NAME = AppIcon;
				INFOPLIST_FILE = AutolayoutWithScrollView/Info.plist;
				LD_RUNPATH_SEARCH_PATHS = "$(inherited) @executable_path/Frameworks";
				PRODUCT_NAME = "$(TARGET_NAME)";
			};
			name = Release;
		};
		5E7D99F61B0B380E00D8247C /* Debug */ = {
			isa = XCBuildConfiguration;
			buildSettings = {
				BUNDLE_LOADER = "$(TEST_HOST)";
				FRAMEWORK_SEARCH_PATHS = (
					"$(SDKROOT)/Developer/Library/Frameworks",
					"$(inherited)",
				);
				GCC_PREPROCESSOR_DEFINITIONS = (
					"DEBUG=1",
					"$(inherited)",
				);
				INFOPLIST_FILE = AutolayoutWithScrollViewTests/Info.plist;
				LD_RUNPATH_SEARCH_PATHS = "$(inherited) @executable_path/Frameworks @loader_path/Frameworks";
				PRODUCT_NAME = "$(TARGET_NAME)";
				TEST_HOST = "$(BUILT_PRODUCTS_DIR)/AutolayoutWithScrollView.app/AutolayoutWithScrollView";
			};
			name = Debug;
		};
		5E7D99F71B0B380E00D8247C /* Release */ = {
			isa = XCBuildConfiguration;
			buildSettings = {
				BUNDLE_LOADER = "$(TEST_HOST)";
				FRAMEWORK_SEARCH_PATHS = (
					"$(SDKROOT)/Developer/Library/Frameworks",
					"$(inherited)",
				);
				INFOPLIST_FILE = AutolayoutWithScrollViewTests/Info.plist;
				LD_RUNPATH_SEARCH_PATHS = "$(inherited) @executable_path/Frameworks @loader_path/Frameworks";
				PRODUCT_NAME = "$(TARGET_NAME)";
				TEST_HOST = "$(BUILT_PRODUCTS_DIR)/AutolayoutWithScrollView.app/AutolayoutWithScrollView";
			};
			name = Release;
		};
/* End XCBuildConfiguration section */

/* Begin XCConfigurationList section */
		5E7D99CA1B0B380D00D8247C /* Build configuration list for PBXProject "AutolayoutWithScrollView" */ = {
			isa = XCConfigurationList;
			buildConfigurations = (
				5E7D99F01B0B380E00D8247C /* Debug */,
				5E7D99F11B0B380E00D8247C /* Release */,
			);
			defaultConfigurationIsVisible = 0;
			defaultConfigurationName = Release;
		};
		5E7D99F21B0B380E00D8247C /* Build configuration list for PBXNativeTarget "AutolayoutWithScrollView" */ = {
			isa = XCConfigurationList;
			buildConfigurations = (
				5E7D99F31B0B380E00D8247C /* Debug */,
				5E7D99F41B0B380E00D8247C /* Release */,
			);
			defaultConfigurationIsVisible = 0;
		};
		5E7D99F51B0B380E00D8247C /* Build configuration list for PBXNativeTarget "AutolayoutWithScrollViewTests" */ = {
			isa = XCConfigurationList;
			buildConfigurations = (
				5E7D99F61B0B380E00D8247C /* Debug */,
				5E7D99F71B0B380E00D8247C /* Release */,
			);
			defaultConfigurationIsVisible = 0;
		};
/* End XCConfigurationList section */
	};
	rootObject = 5E7D99C71B0B380D00D8247C /* Project object */;
}
